
Microsoft Visual Studio Solution File, Format Version 12.00
# Visual Studio 14
VisualStudioVersion = 14.0.23107.0
MinimumVisualStudioVersion = 10.0.40219.1
Project("{FAE04EC0-301F-11D3-BF4B-00C04F79EFBC}") = "TicTacToe", "TicTacToe\TicTacToe\TicTacToe.csproj", "{954D81AC-F832-447D-A968-968002EB7B39}"
EndProject
Project("{FAE04EC0-301F-11D3-BF4B-00C04F79EFBC}") = "TicTacToe.iOS", "TicTacToe\TicTacToe.iOS\TicTacToe.iOS.csproj", "{0F3F19C4-5B93-404A-A758-C5E85DC1BD78}"
EndProject
Project("{FAE04EC0-301F-11D3-BF4B-00C04F79EFBC}") = "TicTacToe.Droid", "TicTacToe\TicTacToe.Droid\TicTacToe.Droid.csproj", "{26B060E0-A306-4D79-B135-44114AA49474}"
EndProject
Project("{FAE04EC0-301F-11D3-BF4B-00C04F79EFBC}") = "TicTacToe.WinPhone", "TicTacToe\TicTacToe.WinPhone\TicTacToe.WinPhone.csproj", "{64189F5C-1A89-4AD2-BC26-55731893BE8C}"
EndProject
Global
	GlobalSection(SolutionConfigurationPlatforms) = preSolution
		Ad-Hoc|Any CPU = Ad-Hoc|Any CPU
		Ad-Hoc|ARM = Ad-Hoc|ARM
		Ad-Hoc|iPhone = Ad-Hoc|iPhone
		Ad-Hoc|iPhoneSimulator = Ad-Hoc|iPhoneSimulator
		Ad-Hoc|x86 = Ad-Hoc|x86
		AppStore|Any CPU = AppStore|Any CPU
		AppStore|ARM = AppStore|ARM
		AppStore|iPhone = AppStore|iPhone
		AppStore|iPhoneSimulator = AppStore|iPhoneSimulator
		AppStore|x86 = AppStore|x86
		Debug|Any CPU = Debug|Any CPU
		Debug|ARM = Debug|ARM
		Debug|iPhone = Debug|iPhone
		Debug|iPhoneSimulator = Debug|iPhoneSimulator
		Debug|x86 = Debug|x86
		Release|Any CPU = Release|Any CPU
		Release|ARM = Release|ARM
		Release|iPhone = Release|iPhone
		Release|iPhoneSimulator = Release|iPhoneSimulator
		Release|x86 = Release|x86
	EndGlobalSection
	GlobalSection(ProjectConfigurationPlatforms) = postSolution
		{954D81AC-F832-447D-A968-968002EB7B39}.Ad-Hoc|Any CPU.ActiveCfg = Release|Any CPU
		{954D81AC-F832-447D-A968-968002EB7B39}.Ad-Hoc|Any CPU.Build.0 = Release|Any CPU
		{954D81AC-F832-447D-A968-968002EB7B39}.Ad-Hoc|ARM.ActiveCfg = Release|Any CPU
		{954D81AC-F832-447D-A968-968002EB7B39}.Ad-Hoc|ARM.Build.0 = Release|Any CPU
		{954D81AC-F832-447D-A968-968002EB7B39}.Ad-Hoc|iPhone.ActiveCfg = Release|Any CPU
		{954D81AC-F832-447D-A968-968002EB7B39}.Ad-Hoc|iPhone.Build.0 = Release|Any CPU
		{954D81AC-F832-447D-A968-968002EB7B39}.Ad-Hoc|iPhoneSimulator.ActiveCfg = Release|Any CPU
		{954D81AC-F832-447D-A968-968002EB7B39}.Ad-Hoc|iPhoneSimulator.Build.0 = Release|Any CPU
		{954D81AC-F832-447D-A968-968002EB7B39}.Ad-Hoc|x86.ActiveCfg = Release|Any CPU
		{954D81AC-F832-447D-A968-968002EB7B39}.Ad-Hoc|x86.Build.0 = Release|Any CPU
		{954D81AC-F832-447D-A968-968002EB7B39}.AppStore|Any CPU.ActiveCfg = Release|Any CPU
		{954D81AC-F832-447D-A968-968002EB7B39}.AppStore|Any CPU.Build.0 = Release|Any CPU
		{954D81AC-F832-447D-A968-968002EB7B39}.AppStore|ARM.ActiveCfg = Release|Any CPU
		{954D81AC-F832-447D-A968-968002EB7B39}.AppStore|ARM.Build.0 = Release|Any CPU
		{954D81AC-F832-447D-A968-968002EB7B39}.AppStore|iPhone.ActiveCfg = Release|Any CPU
		{954D81AC-F832-447D-A968-968002EB7B39}.AppStore|iPhone.Build.0 = Release|Any CPU
		{954D81AC-F832-447D-A968-968002EB7B39}.AppStore|iPhoneSimulator.ActiveCfg = Release|Any CPU
		{954D81AC-F832-447D-A968-968002EB7B39}.AppStore|iPhoneSimulator.Build.0 = Release|Any CPU
		{954D81AC-F832-447D-A968-968002EB7B39}.AppStore|x86.ActiveCfg = Release|Any CPU
		{954D81AC-F832-447D-A968-968002EB7B39}.AppStore|x86.Build.0 = Release|Any CPU
		{954D81AC-F832-447D-A968-968002EB7B39}.Debug|Any CPU.ActiveCfg = Debug|Any CPU
		{954D81AC-F832-447D-A968-968002EB7B39}.Debug|Any CPU.Build.0 = Debug|Any CPU
		{954D81AC-F832-447D-A968-968002EB7B39}.Debug|ARM.ActiveCfg = Debug|Any CPU
		{954D81AC-F832-447D-A968-968002EB7B39}.Debug|ARM.Build.0 = Debug|Any CPU
		{954D81AC-F832-447D-A968-968002EB7B39}.Debug|iPhone.ActiveCfg = Debug|Any CPU
		{954D81AC-F832-447D-A968-968002EB7B39}.Debug|iPhone.Build.0 = Debug|Any CPU
		{954D81AC-F832-447D-A968-968002EB7B39}.Debug|iPhoneSimulator.ActiveCfg = Debug|Any CPU
		{954D81AC-F832-447D-A968-968002EB7B39}.Debug|iPhoneSimulator.Build.0 = Debug|Any CPU
		{954D81AC-F832-447D-A968-968002EB7B39}.Debug|x86.ActiveCfg = Debug|Any CPU
		{954D81AC-F832-447D-A968-968002EB7B39}.Debug|x86.Build.0 = Debug|Any CPU
		{954D81AC-F832-447D-A968-968002EB7B39}.Release|Any CPU.ActiveCfg = Release|Any CPU
		{954D81AC-F832-447D-A968-968002EB7B39}.Release|Any CPU.Build.0 = Release|Any CPU
		{954D81AC-F832-447D-A968-968002EB7B39}.Release|ARM.ActiveCfg = Release|Any CPU
		{954D81AC-F832-447D-A968-968002EB7B39}.Release|ARM.Build.0 = Release|Any CPU
		{954D81AC-F832-447D-A968-968002EB7B39}.Release|iPhone.ActiveCfg = Release|Any CPU
		{954D81AC-F832-447D-A968-968002EB7B39}.Release|iPhone.Build.0 = Release|Any CPU
		{954D81AC-F832-447D-A968-968002EB7B39}.Release|iPhoneSimulator.ActiveCfg = Release|Any CPU
		{954D81AC-F832-447D-A968-968002EB7B39}.Release|iPhoneSimulator.Build.0 = Release|Any CPU
		{954D81AC-F832-447D-A968-968002EB7B39}.Release|x86.ActiveCfg = Release|Any CPU
		{954D81AC-F832-447D-A968-968002EB7B39}.Release|x86.Build.0 = Release|Any CPU
		{0F3F19C4-5B93-404A-A758-C5E85DC1BD78}.Ad-Hoc|Any CPU.ActiveCfg = Ad-Hoc|iPhone
		{0F3F19C4-5B93-404A-A758-C5E85DC1BD78}.Ad-Hoc|ARM.ActiveCfg = Ad-Hoc|iPhone
		{0F3F19C4-5B93-404A-A758-C5E85DC1BD78}.Ad-Hoc|iPhone.ActiveCfg = Ad-Hoc|iPhone
		{0F3F19C4-5B93-404A-A758-C5E85DC1BD78}.Ad-Hoc|iPhone.Build.0 = Ad-Hoc|iPhone
		{0F3F19C4-5B93-404A-A758-C5E85DC1BD78}.Ad-Hoc|iPhoneSimulator.ActiveCfg = Ad-Hoc|iPhoneSimulator
		{0F3F19C4-5B93-404A-A758-C5E85DC1BD78}.Ad-Hoc|iPhoneSimulator.Build.0 = Ad-Hoc|iPhoneSimulator
		{0F3F19C4-5B93-404A-A758-C5E85DC1BD78}.Ad-Hoc|x86.ActiveCfg = Ad-Hoc|iPhone
		{0F3F19C4-5B93-404A-A758-C5E85DC1BD78}.AppStore|Any CPU.ActiveCfg = AppStore|iPhone
		{0F3F19C4-5B93-404A-A758-C5E85DC1BD78}.AppStore|ARM.ActiveCfg = AppStore|iPhone
		{0F3F19C4-5B93-404A-A758-C5E85DC1BD78}.AppStore|iPhone.ActiveCfg = AppStore|iPhone
		{0F3F19C4-5B93-404A-A758-C5E85DC1BD78}.AppStore|iPhone.Build.0 = AppStore|iPhone
		{0F3F19C4-5B93-404A-A758-C5E85DC1BD78}.AppStore|iPhoneSimulator.ActiveCfg = AppStore|iPhoneSimulator
		{0F3F19C4-5B93-404A-A758-C5E85DC1BD78}.AppStore|iPhoneSimulator.Build.0 = AppStore|iPhoneSimulator
		{0F3F19C4-5B93-404A-A758-C5E85DC1BD78}.AppStore|x86.ActiveCfg = AppStore|iPhone
		{0F3F19C4-5B93-404A-A758-C5E85DC1BD78}.Debug|Any CPU.ActiveCfg = Debug|iPhone
		{0F3F19C4-5B93-404A-A758-C5E85DC1BD78}.Debug|ARM.ActiveCfg = Debug|iPhone
		{0F3F19C4-5B93-404A-A758-C5E85DC1BD78}.Debug|iPhone.ActiveCfg = Debug|iPhone
		{0F3F19C4-5B93-404A-A758-C5E85DC1BD78}.Debug|iPhone.Build.0 = Debug|iPhone
		{0F3F19C4-5B93-404A-A758-C5E85DC1BD78}.Debug|iPhoneSimulator.ActiveCfg = Debug|iPhoneSimulator
		{0F3F19C4-5B93-404A-A758-C5E85DC1BD78}.Debug|iPhoneSimulator.Build.0 = Debug|iPhoneSimulator
		{0F3F19C4-5B93-404A-A758-C5E85DC1BD78}.Debug|x86.ActiveCfg = Debug|iPhone
		{0F3F19C4-5B93-404A-A758-C5E85DC1BD78}.Release|Any CPU.ActiveCfg = Release|iPhone
		{0F3F19C4-5B93-404A-A758-C5E85DC1BD78}.Release|ARM.ActiveCfg = Release|iPhone
		{0F3F19C4-5B93-404A-A758-C5E85DC1BD78}.Release|iPhone.ActiveCfg = Release|iPhone
		{0F3F19C4-5B93-404A-A758-C5E85DC1BD78}.Release|iPhone.Build.0 = Release|iPhone
		{0F3F19C4-5B93-404A-A758-C5E85DC1BD78}.Release|iPhoneSimulator.ActiveCfg = Release|iPhoneSimulator
		{0F3F19C4-5B93-404A-A758-C5E85DC1BD78}.Release|iPhoneSimulator.Build.0 = Release|iPhoneSimulator
		{0F3F19C4-5B93-404A-A758-C5E85DC1BD78}.Release|x86.ActiveCfg = Release|iPhone
		{26B060E0-A306-4D79-B135-44114AA49474}.Ad-Hoc|Any CPU.ActiveCfg = Release|Any CPU
		{26B060E0-A306-4D79-B135-44114AA49474}.Ad-Hoc|Any CPU.Build.0 = Release|Any CPU
		{26B060E0-A306-4D79-B135-44114AA49474}.Ad-Hoc|Any CPU.Deploy.0 = Release|Any CPU
		{26B060E0-A306-4D79-B135-44114AA49474}.Ad-Hoc|ARM.ActiveCfg = Release|Any CPU
		{26B060E0-A306-4D79-B135-44114AA49474}.Ad-Hoc|ARM.Build.0 = Release|Any CPU
		{26B060E0-A306-4D79-B135-44114AA49474}.Ad-Hoc|ARM.Deploy.0 = Release|Any CPU
		{26B060E0-A306-4D79-B135-44114AA49474}.Ad-Hoc|iPhone.ActiveCfg = Release|Any CPU
		{26B060E0-A306-4D79-B135-44114AA49474}.Ad-Hoc|iPhone.Build.0 = Release|Any CPU
		{26B060E0-A306-4D79-B135-44114AA49474}.Ad-Hoc|iPhone.Deploy.0 = Release|Any CPU
		{26B060E0-A306-4D79-B135-44114AA49474}.Ad-Hoc|iPhoneSimulator.ActiveCfg = Release|Any CPU
		{26B060E0-A306-4D79-B135-44114AA49474}.Ad-Hoc|iPhoneSimulator.Build.0 = Release|Any CPU
		{26B060E0-A306-4D79-B135-44114AA49474}.Ad-Hoc|iPhoneSimulator.Deploy.0 = Release|Any CPU
		{26B060E0-A306-4D79-B135-44114AA49474}.Ad-Hoc|x86.ActiveCfg = Release|Any CPU
		{26B060E0-A306-4D79-B135-44114AA49474}.Ad-Hoc|x86.Build.0 = Release|Any CPU
		{26B060E0-A306-4D79-B135-44114AA49474}.Ad-Hoc|x86.Deploy.0 = Release|Any CPU
		{26B060E0-A306-4D79-B135-44114AA49474}.AppStore|Any CPU.ActiveCfg = Release|Any CPU
		{26B060E0-A306-4D79-B135-44114AA49474}.AppStore|Any CPU.Build.0 = Release|Any CPU
		{26B060E0-A306-4D79-B135-44114AA49474}.AppStore|Any CPU.Deploy.0 = Release|Any CPU
		{26B060E0-A306-4D79-B135-44114AA49474}.AppStore|ARM.ActiveCfg = Release|Any CPU
		{26B060E0-A306-4D79-B135-44114AA49474}.AppStore|ARM.Build.0 = Release|Any CPU
		{26B060E0-A306-4D79-B135-44114AA49474}.AppStore|ARM.Deploy.0 = Release|Any CPU
		{26B060E0-A306-4D79-B135-44114AA49474}.AppStore|iPhone.ActiveCfg = Release|Any CPU
		{26B060E0-A306-4D79-B135-44114AA49474}.AppStore|iPhone.Build.0 = Release|Any CPU
		{26B060E0-A306-4D79-B135-44114AA49474}.AppStore|iPhone.Deploy.0 = Release|Any CPU
		{26B060E0-A306-4D79-B135-44114AA49474}.AppStore|iPhoneSimulator.ActiveCfg = Release|Any CPU
		{26B060E0-A306-4D79-B135-44114AA49474}.AppStore|iPhoneSimulator.Build.0 = Release|Any CPU
		{26B060E0-A306-4D79-B135-44114AA49474}.AppStore|iPhoneSimulator.Deploy.0 = Release|Any CPU
		{26B060E0-A306-4D79-B135-44114AA49474}.AppStore|x86.ActiveCfg = Release|Any CPU
		{26B060E0-A306-4D79-B135-44114AA49474}.AppStore|x86.Build.0 = Release|Any CPU
		{26B060E0-A306-4D79-B135-44114AA49474}.AppStore|x86.Deploy.0 = Release|Any CPU
		{26B060E0-A306-4D79-B135-44114AA49474}.Debug|Any CPU.ActiveCfg = Debug|Any CPU
		{26B060E0-A306-4D79-B135-44114AA49474}.Debug|Any CPU.Build.0 = Debug|Any CPU
		{26B060E0-A306-4D79-B135-44114AA49474}.Debug|Any CPU.Deploy.0 = Debug|Any CPU
		{26B060E0-A306-4D79-B135-44114AA49474}.Debug|ARM.ActiveCfg = Debug|Any CPU
		{26B060E0-A306-4D79-B135-44114AA49474}.Debug|ARM.Build.0 = Debug|Any CPU
		{26B060E0-A306-4D79-B135-44114AA49474}.Debug|ARM.Deploy.0 = Debug|Any CPU
		{26B060E0-A306-4D79-B135-44114AA49474}.Debug|iPhone.ActiveCfg = Debug|Any CPU
		{26B060E0-A306-4D79-B135-44114AA49474}.Debug|iPhone.Build.0 = Debug|Any CPU
		{26B060E0-A306-4D79-B135-44114AA49474}.Debug|iPhone.Deploy.0 = Debug|Any CPU
		{26B060E0-A306-4D79-B135-44114AA49474}.Debug|iPhoneSimulator.ActiveCfg = Debug|Any CPU
		{26B060E0-A306-4D79-B135-44114AA49474}.Debug|iPhoneSimulator.Build.0 = Debug|Any CPU
		{26B060E0-A306-4D79-B135-44114AA49474}.Debug|iPhoneSimulator.Deploy.0 = Debug|Any CPU
		{26B060E0-A306-4D79-B135-44114AA49474}.Debug|x86.ActiveCfg = Debug|Any CPU
		{26B060E0-A306-4D79-B135-44114AA49474}.Debug|x86.Build.0 = Debug|Any CPU
		{26B060E0-A306-4D79-B135-44114AA49474}.Debug|x86.Deploy.0 = Debug|Any CPU
		{26B060E0-A306-4D79-B135-44114AA49474}.Release|Any CPU.ActiveCfg = Release|Any CPU
		{26B060E0-A306-4D79-B135-44114AA49474}.Release|Any CPU.Build.0 = Release|Any CPU
		{26B060E0-A306-4D79-B135-44114AA49474}.Release|Any CPU.Deploy.0 = Release|Any CPU
		{26B060E0-A306-4D79-B135-44114AA49474}.Release|ARM.ActiveCfg = Release|Any CPU
		{26B060E0-A306-4D79-B135-44114AA49474}.Release|ARM.Build.0 = Release|Any CPU
		{26B060E0-A306-4D79-B135-44114AA49474}.Release|ARM.Deploy.0 = Release|Any CPU
		{26B060E0-A306-4D79-B135-44114AA49474}.Release|iPhone.ActiveCfg = Release|Any CPU
		{26B060E0-A306-4D79-B135-44114AA49474}.Release|iPhone.Build.0 = Release|Any CPU
		{26B060E0-A306-4D79-B135-44114AA49474}.Release|iPhone.Deploy.0 = Release|Any CPU
		{26B060E0-A306-4D79-B135-44114AA49474}.Release|iPhoneSimulator.ActiveCfg = Release|Any CPU
		{26B060E0-A306-4D79-B135-44114AA49474}.Release|iPhoneSimulator.Build.0 = Release|Any CPU
		{26B060E0-A306-4D79-B135-44114AA49474}.Release|iPhoneSimulator.Deploy.0 = Release|Any CPU
		{26B060E0-A306-4D79-B135-44114AA49474}.Release|x86.ActiveCfg = Release|Any CPU
		{26B060E0-A306-4D79-B135-44114AA49474}.Release|x86.Build.0 = Release|Any CPU
		{26B060E0-A306-4D79-B135-44114AA49474}.Release|x86.Deploy.0 = Release|Any CPU
		{64189F5C-1A89-4AD2-BC26-55731893BE8C}.Ad-Hoc|Any CPU.ActiveCfg = Release|Any CPU
		{64189F5C-1A89-4AD2-BC26-55731893BE8C}.Ad-Hoc|Any CPU.Build.0 = Release|Any CPU
		{64189F5C-1A89-4AD2-BC26-55731893BE8C}.Ad-Hoc|Any CPU.Deploy.0 = Release|Any CPU
		{64189F5C-1A89-4AD2-BC26-55731893BE8C}.Ad-Hoc|ARM.ActiveCfg = Release|ARM
		{64189F5C-1A89-4AD2-BC26-55731893BE8C}.Ad-Hoc|ARM.Build.0 = Release|ARM
		{64189F5C-1A89-4AD2-BC26-55731893BE8C}.Ad-Hoc|ARM.Deploy.0 = Release|ARM
		{64189F5C-1A89-4AD2-BC26-55731893BE8C}.Ad-Hoc|iPhone.ActiveCfg = Release|Any CPU
		{64189F5C-1A89-4AD2-BC26-55731893BE8C}.Ad-Hoc|iPhone.Build.0 = Release|Any CPU
		{64189F5C-1A89-4AD2-BC26-55731893BE8C}.Ad-Hoc|iPhone.Deploy.0 = Release|Any CPU
		{64189F5C-1A89-4AD2-BC26-55731893BE8C}.Ad-Hoc|iPhoneSimulator.ActiveCfg = Release|Any CPU
		{64189F5C-1A89-4AD2-BC26-55731893BE8C}.Ad-Hoc|iPhoneSimulator.Build.0 = Release|Any CPU
		{64189F5C-1A89-4AD2-BC26-55731893BE8C}.Ad-Hoc|iPhoneSimulator.Deploy.0 = Release|Any CPU
		{64189F5C-1A89-4AD2-BC26-55731893BE8C}.Ad-Hoc|x86.ActiveCfg = Release|x86
		{64189F5C-1A89-4AD2-BC26-55731893BE8C}.Ad-Hoc|x86.Build.0 = Release|x86
		{64189F5C-1A89-4AD2-BC26-55731893BE8C}.Ad-Hoc|x86.Deploy.0 = Release|x86
		{64189F5C-1A89-4AD2-BC26-55731893BE8C}.AppStore|Any CPU.ActiveCfg = Release|Any CPU
		{64189F5C-1A89-4AD2-BC26-55731893BE8C}.AppStore|Any CPU.Build.0 = Release|Any CPU
		{64189F5C-1A89-4AD2-BC26-55731893BE8C}.AppStore|Any CPU.Deploy.0 = Release|Any CPU
		{64189F5C-1A89-4AD2-BC26-55731893BE8C}.AppStore|ARM.ActiveCfg = Release|ARM
		{64189F5C-1A89-4AD2-BC26-55731893BE8C}.AppStore|ARM.Build.0 = Release|ARM
		{64189F5C-1A89-4AD2-BC26-55731893BE8C}.AppStore|ARM.Deploy.0 = Release|ARM
		{64189F5C-1A89-4AD2-BC26-55731893BE8C}.AppStore|iPhone.ActiveCfg = Release|Any CPU
		{64189F5C-1A89-4AD2-BC26-55731893BE8C}.AppStore|iPhone.Build.0 = Release|Any CPU
		{64189F5C-1A89-4AD2-BC26-55731893BE8C}.AppStore|iPhone.Deploy.0 = Release|Any CPU
		{64189F5C-1A89-4AD2-BC26-55731893BE8C}.AppStore|iPhoneSimulator.ActiveCfg = Release|Any CPU
		{64189F5C-1A89-4AD2-BC26-55731893BE8C}.AppStore|iPhoneSimulator.Build.0 = Release|Any CPU
		{64189F5C-1A89-4AD2-BC26-55731893BE8C}.AppStore|iPhoneSimulator.Deploy.0 = Release|Any CPU
		{64189F5C-1A89-4AD2-BC26-55731893BE8C}.AppStore|x86.ActiveCfg = Release|x86
		{64189F5C-1A89-4AD2-BC26-55731893BE8C}.AppStore|x86.Build.0 = Release|x86
		{64189F5C-1A89-4AD2-BC26-55731893BE8C}.AppStore|x86.Deploy.0 = Release|x86
		{64189F5C-1A89-4AD2-BC26-55731893BE8C}.Debug|Any CPU.ActiveCfg = Debug|Any CPU
		{64189F5C-1A89-4AD2-BC26-55731893BE8C}.Debug|Any CPU.Build.0 = Debug|Any CPU
		{64189F5C-1A89-4AD2-BC26-55731893BE8C}.Debug|Any CPU.Deploy.0 = Debug|Any CPU
		{64189F5C-1A89-4AD2-BC26-55731893BE8C}.Debug|ARM.ActiveCfg = Debug|ARM
		{64189F5C-1A89-4AD2-BC26-55731893BE8C}.Debug|ARM.Build.0 = Debug|ARM
		{64189F5C-1A89-4AD2-BC26-55731893BE8C}.Debug|ARM.Deploy.0 = Debug|ARM
		{64189F5C-1A89-4AD2-BC26-55731893BE8C}.Debug|iPhone.ActiveCfg = Debug|Any CPU
		{64189F5C-1A89-4AD2-BC26-55731893BE8C}.Debug|iPhone.Build.0 = Debug|Any CPU
		{64189F5C-1A89-4AD2-BC26-55731893BE8C}.Debug|iPhone.Deploy.0 = Debug|Any CPU
		{64189F5C-1A89-4AD2-BC26-55731893BE8C}.Debug|iPhoneSimulator.ActiveCfg = Debug|Any CPU
		{64189F5C-1A89-4AD2-BC26-55731893BE8C}.Debug|iPhoneSimulator.Build.0 = Debug|Any CPU
		{64189F5C-1A89-4AD2-BC26-55731893BE8C}.Debug|iPhoneSimulator.Deploy.0 = Debug|Any CPU
		{64189F5C-1A89-4AD2-BC26-55731893BE8C}.Debug|x86.ActiveCfg = Debug|x86
		{64189F5C-1A89-4AD2-BC26-55731893BE8C}.Debug|x86.Build.0 = Debug|x86
		{64189F5C-1A89-4AD2-BC26-55731893BE8C}.Debug|x86.Deploy.0 = Debug|x86
		{64189F5C-1A89-4AD2-BC26-55731893BE8C}.Release|Any CPU.ActiveCfg = Release|Any CPU
		{64189F5C-1A89-4AD2-BC26-55731893BE8C}.Release|Any CPU.Build.0 = Release|Any CPU
		{64189F5C-1A89-4AD2-BC26-55731893BE8C}.Release|Any CPU.Deploy.0 = Release|Any CPU
		{64189F5C-1A89-4AD2-BC26-55731893BE8C}.Release|ARM.ActiveCfg = Release|ARM
		{64189F5C-1A89-4AD2-BC26-55731893BE8C}.Release|ARM.Build.0 = Release|ARM
		{64189F5C-1A89-4AD2-BC26-55731893BE8C}.Release|ARM.Deploy.0 = Release|ARM
		{64189F5C-1A89-4AD2-BC26-55731893BE8C}.Release|iPhone.ActiveCfg = Release|Any CPU
		{64189F5C-1A89-4AD2-BC26-55731893BE8C}.Release|iPhone.Build.0 = Release|Any CPU
		{64189F5C-1A89-4AD2-BC26-55731893BE8C}.Release|iPhone.Deploy.0 = Release|Any CPU
		{64189F5C-1A89-4AD2-BC26-55731893BE8C}.Release|iPhoneSimulator.ActiveCfg = Release|Any CPU
		{64189F5C-1A89-4AD2-BC26-55731893BE8C}.Release|iPhoneSimulator.Build.0 = Release|Any CPU
		{64189F5C-1A89-4AD2-BC26-55731893BE8C}.Release|iPhoneSimulator.Deploy.0 = Release|Any CPU
		{64189F5C-1A89-4AD2-BC26-55731893BE8C}.Release|x86.ActiveCfg = Release|x86
		{64189F5C-1A89-4AD2-BC26-55731893BE8C}.Release|x86.Build.0 = Release|x86
		{64189F5C-1A89-4AD2-BC26-55731893BE8C}.Release|x86.Deploy.0 = Release|x86
	EndGlobalSection
	GlobalSection(SolutionProperties) = preSolution
		HideSolutionNode = FALSE
	EndGlobalSection
EndGlobal
